{
  "originHash" : "88fbd5e68e2a49a98300b0a006ddd309d52809ead02920f501b1aa9badeeec69",
  "pins" : [
    {
      "identity" : "kosherswift",
      "kind" : "remoteSourceControl",
      "location" : "https://github.com/Elyahu41/KosherSwift",
      "state" : {
        "revision" : "e97a6f3847f95cacc3f60e1a29df15d2bb05ea20",
        "version" : "2.0.0"
      }
    }
  ],
  "version" : 3
}
